
Microsoft Visual Studio Solution File, Format Version 12.00
# Visual Studio Version 16
VisualStudioVersion = 16.0.29009.5
MinimumVisualStudioVersion = 10.0.40219.1
Project("{FAE04EC0-301F-11D3-BF4B-00C04F79EFBC}") = "form1", "form1.csproj", "{CCBDA0F3-7F8D-47EE-ABEC-FCAFDBC34E47}"
EndProject
Global
	GlobalSection(SolutionConfigurationPlatforms) = preSolution
		Debug|Any CPU = Debug|Any CPU
		Release|Any CPU = Release|Any CPU
	EndGlobalSection
	GlobalSection(ProjectConfigurationPlatforms) = postSolution
		{CCBDA0F3-7F8D-47EE-ABEC-FCAFDBC34E47}.Debug|Any CPU.ActiveCfg = Debug|Any CPU
		{CCBDA0F3-7F8D-47EE-ABEC-FCAFDBC34E47}.Debug|Any CPU.Build.0 = Debug|Any CPU
		{CCBDA0F3-7F8D-47EE-ABEC-FCAFDBC34E47}.Release|Any CPU.ActiveCfg = Release|Any CPU
		{CCBDA0F3-7F8D-47EE-ABEC-FCAFDBC34E47}.Release|Any CPU.Build.0 = Release|Any CPU
	EndGlobalSection
	GlobalSection(SolutionProperties) = preSolution
		HideSolutionNode = FALSE
	EndGlobalSection
	GlobalSection(ExtensibilityGlobals) = postSolution
		SolutionGuid = {BAF9471C-1D18-407F-916F-BD44368A39D2}
	EndGlobalSection
EndGlobal
